// !$*UTF8*$!
{
	archiveVersion = 1;
	classes = {
	};
	objectVersion = 46;
	objects = {

/* Begin PBXBuildFile section */
		1FACF87C97D68F953ECE365C /* libPods-BaseProject.a in Frameworks */ = {isa = PBXBuildFile; fileRef = 5EAAD623A23724C816F8DC02 /* libPods-BaseProject.a */; };
		230671F41BE4621300F31D79 /* NewsWebViewController.m in Sources */ = {isa = PBXBuildFile; fileRef = 230671F31BE4621300F31D79 /* NewsWebViewController.m */; };
		2321E7901BE0FCAC0007FE0A /* GoLocationViewController.m in Sources */ = {isa = PBXBuildFile; fileRef = 2321E78F1BE0FCAC0007FE0A /* GoLocationViewController.m */; };
		2321E7961BE1092D0007FE0A /* WeatherModel.m in Sources */ = {isa = PBXBuildFile; fileRef = 2321E7951BE1092D0007FE0A /* WeatherModel.m */; };
		2321E8241BE10AF90007FE0A /* CityPicModel.m in Sources */ = {isa = PBXBuildFile; fileRef = 2321E8231BE10AF90007FE0A /* CityPicModel.m */; };
		2321E8271BE10DBE0007FE0A /* WeatherNetManager.m in Sources */ = {isa = PBXBuildFile; fileRef = 2321E8261BE10DBE0007FE0A /* WeatherNetManager.m */; };
		2321E82A1BE130630007FE0A /* WeatherViewModel.m in Sources */ = {isa = PBXBuildFile; fileRef = 2321E8291BE130630007FE0A /* WeatherViewModel.m */; };
		232746631BD90E8000BC335D /* MainViewController.m in Sources */ = {isa = PBXBuildFile; fileRef = 232746621BD90E8000BC335D /* MainViewController.m */; };
		2395315A1BE1C2AE00FEB8DD /* WeatherView.m in Sources */ = {isa = PBXBuildFile; fileRef = 239531591BE1C2AE00FEB8DD /* WeatherView.m */; };
		2395317E1BE1FC0E00FEB8DD /* 00.png in Resources */ = {isa = PBXBuildFile; fileRef = 2395315C1BE1FC0E00FEB8DD /* 00.png */; };
		2395317F1BE1FC0E00FEB8DD /* 01.png in Resources */ = {isa = PBXBuildFile; fileRef = 2395315D1BE1FC0E00FEB8DD /* 01.png */; };
		239531801BE1FC0E00FEB8DD /* 02.png in Resources */ = {isa = PBXBuildFile; fileRef = 2395315E1BE1FC0E00FEB8DD /* 02.png */; };
		239531811BE1FC0E00FEB8DD /* 03.png in Resources */ = {isa = PBXBuildFile; fileRef = 2395315F1BE1FC0E00FEB8DD /* 03.png */; };
		239531821BE1FC0E00FEB8DD /* 04.png in Resources */ = {isa = PBXBuildFile; fileRef = 239531601BE1FC0E00FEB8DD /* 04.png */; };
		239531831BE1FC0E00FEB8DD /* 05.png in Resources */ = {isa = PBXBuildFile; fileRef = 239531611BE1FC0E00FEB8DD /* 05.png */; };
		239531841BE1FC0E00FEB8DD /* 06.png in Resources */ = {isa = PBXBuildFile; fileRef = 239531621BE1FC0E00FEB8DD /* 06.png */; };
		239531851BE1FC0E00FEB8DD /* 07.png in Resources */ = {isa = PBXBuildFile; fileRef = 239531631BE1FC0E00FEB8DD /* 07.png */; };
		239531861BE1FC0E00FEB8DD /* 08.png in Resources */ = {isa = PBXBuildFile; fileRef = 239531641BE1FC0E00FEB8DD /* 08.png */; };
		239531871BE1FC0E00FEB8DD /* 09.png in Resources */ = {isa = PBXBuildFile; fileRef = 239531651BE1FC0E00FEB8DD /* 09.png */; };
		239531881BE1FC0E00FEB8DD /* 10.png in Resources */ = {isa = PBXBuildFile; fileRef = 239531661BE1FC0E00FEB8DD /* 10.png */; };
		239531891BE1FC0E00FEB8DD /* 11.png in Resources */ = {isa = PBXBuildFile; fileRef = 239531671BE1FC0E00FEB8DD /* 11.png */; };
		2395318A1BE1FC0E00FEB8DD /* 12.png in Resources */ = {isa = PBXBuildFile; fileRef = 239531681BE1FC0E00FEB8DD /* 12.png */; };
		2395318B1BE1FC0E00FEB8DD /* 13.png in Resources */ = {isa = PBXBuildFile; fileRef = 239531691BE1FC0E00FEB8DD /* 13.png */; };
		2395318C1BE1FC0E00FEB8DD /* 14.png in Resources */ = {isa = PBXBuildFile; fileRef = 2395316A1BE1FC0E00FEB8DD /* 14.png */; };
		2395318D1BE1FC0E00FEB8DD /* 15.png in Resources */ = {isa = PBXBuildFile; fileRef = 2395316B1BE1FC0E00FEB8DD /* 15.png */; };
		2395318E1BE1FC0E00FEB8DD /* 16.png in Resources */ = {isa = PBXBuildFile; fileRef = 2395316C1BE1FC0E00FEB8DD /* 16.png */; };
		2395318F1BE1FC0E00FEB8DD /* 17.png in Resources */ = {isa = PBXBuildFile; fileRef = 2395316D1BE1FC0E00FEB8DD /* 17.png */; };
		239531901BE1FC0E00FEB8DD /* 18.png in Resources */ = {isa = PBXBuildFile; fileRef = 2395316E1BE1FC0E00FEB8DD /* 18.png */; };
		239531911BE1FC0E00FEB8DD /* 19.png in Resources */ = {isa = PBXBuildFile; fileRef = 2395316F1BE1FC0E00FEB8DD /* 19.png */; };
		239531921BE1FC0E00FEB8DD /* 20.png in Resources */ = {isa = PBXBuildFile; fileRef = 239531701BE1FC0E00FEB8DD /* 20.png */; };
		239531931BE1FC0E00FEB8DD /* 21.png in Resources */ = {isa = PBXBuildFile; fileRef = 239531711BE1FC0E00FEB8DD /* 21.png */; };
		239531941BE1FC0E00FEB8DD /* 22.png in Resources */ = {isa = PBXBuildFile; fileRef = 239531721BE1FC0E00FEB8DD /* 22.png */; };
		239531951BE1FC0E00FEB8DD /* 23.png in Resources */ = {isa = PBXBuildFile; fileRef = 239531731BE1FC0E00FEB8DD /* 23.png */; };
		239531961BE1FC0E00FEB8DD /* 24.png in Resources */ = {isa = PBXBuildFile; fileRef = 239531741BE1FC0E00FEB8DD /* 24.png */; };
		239531971BE1FC0E00FEB8DD /* 25.png in Resources */ = {isa = PBXBuildFile; fileRef = 239531751BE1FC0E00FEB8DD /* 25.png */; };
		239531981BE1FC0E00FEB8DD /* 26.png in Resources */ = {isa = PBXBuildFile; fileRef = 239531761BE1FC0E00FEB8DD /* 26.png */; };
		239531991BE1FC0E00FEB8DD /* 27.png in Resources */ = {isa = PBXBuildFile; fileRef = 239531771BE1FC0E00FEB8DD /* 27.png */; };
		2395319A1BE1FC0E00FEB8DD /* 28.png in Resources */ = {isa = PBXBuildFile; fileRef = 239531781BE1FC0E00FEB8DD /* 28.png */; };
		2395319B1BE1FC0E00FEB8DD /* 29.png in Resources */ = {isa = PBXBuildFile; fileRef = 239531791BE1FC0E00FEB8DD /* 29.png */; };
		2395319C1BE1FC0E00FEB8DD /* 30.png in Resources */ = {isa = PBXBuildFile; fileRef = 2395317A1BE1FC0E00FEB8DD /* 30.png */; };
		2395319D1BE1FC0E00FEB8DD /* 31.png in Resources */ = {isa = PBXBuildFile; fileRef = 2395317B1BE1FC0E00FEB8DD /* 31.png */; };
		2395319E1BE1FC0E00FEB8DD /* 53.png in Resources */ = {isa = PBXBuildFile; fileRef = 2395317C1BE1FC0E00FEB8DD /* 53.png */; };
		2395319F1BE1FC0E00FEB8DD /* Thumbs.db in Resources */ = {isa = PBXBuildFile; fileRef = 2395317D1BE1FC0E00FEB8DD /* Thumbs.db */; };
		239531A71BE23F1700FEB8DD /* bg.jpg in Resources */ = {isa = PBXBuildFile; fileRef = 239531A61BE23F1700FEB8DD /* bg.jpg */; };
		239531AD1BE245CB00FEB8DD /* BDNewsModel.m in Sources */ = {isa = PBXBuildFile; fileRef = 239531AC1BE245CB00FEB8DD /* BDNewsModel.m */; };
		239531B01BE248C800FEB8DD /* NewsListNetManager.m in Sources */ = {isa = PBXBuildFile; fileRef = 239531AF1BE248C800FEB8DD /* NewsListNetManager.m */; };
		239531B31BE24B4600FEB8DD /* NewsListViewModel.m in Sources */ = {isa = PBXBuildFile; fileRef = 239531B21BE24B4600FEB8DD /* NewsListViewModel.m */; };
		23B965C61BDA581200245FE5 /* CoreLocation.framework in Frameworks */ = {isa = PBXBuildFile; fileRef = 23B965C51BDA581200245FE5 /* CoreLocation.framework */; };
		23B965C81BDA581900245FE5 /* MapKit.framework in Frameworks */ = {isa = PBXBuildFile; fileRef = 23B965C71BDA581900245FE5 /* MapKit.framework */; };
		23B965CB1BDA594600245FE5 /* LocationViewController.m in Sources */ = {isa = PBXBuildFile; fileRef = 23B965CA1BDA594600245FE5 /* LocationViewController.m */; };
		23B965CE1BDB22FD00245FE5 /* CityListModel.m in Sources */ = {isa = PBXBuildFile; fileRef = 23B965CD1BDB22FD00245FE5 /* CityListModel.m */; };
		23B965D11BDB24EE00245FE5 /* CityListNetManager.m in Sources */ = {isa = PBXBuildFile; fileRef = 23B965D01BDB24EE00245FE5 /* CityListNetManager.m */; };
		23B965D41BDB437500245FE5 /* CityListViewModel.m in Sources */ = {isa = PBXBuildFile; fileRef = 23B965D31BDB437500245FE5 /* CityListViewModel.m */; };
		23B966AF1BDE025200245FE5 /* LocationCityViewController.m in Sources */ = {isa = PBXBuildFile; fileRef = 23B966AE1BDE025200245FE5 /* LocationCityViewController.m */; };
		23B966B21BDE028000245FE5 /* LocationDistrictViewController.m in Sources */ = {isa = PBXBuildFile; fileRef = 23B966B11BDE028000245FE5 /* LocationDistrictViewController.m */; };
		3804CE511BD758F10046C8C8 /* AppDelegate+Category.m in Sources */ = {isa = PBXBuildFile; fileRef = 3804CE4A1BD758F10046C8C8 /* AppDelegate+Category.m */; };
		3804CE521BD758F10046C8C8 /* NSObject+Common.m in Sources */ = {isa = PBXBuildFile; fileRef = 3804CE4C1BD758F10046C8C8 /* NSObject+Common.m */; };
		3804CE531BD758F10046C8C8 /* NSString+PJR.m in Sources */ = {isa = PBXBuildFile; fileRef = 3804CE4E1BD758F10046C8C8 /* NSString+PJR.m */; };
		3804CE541BD758F10046C8C8 /* NSString+QRCode.m in Sources */ = {isa = PBXBuildFile; fileRef = 3804CE501BD758F10046C8C8 /* NSString+QRCode.m */; };
		3886C0981BD748830014E661 /* main.m in Sources */ = {isa = PBXBuildFile; fileRef = 3886C0971BD748830014E661 /* main.m */; };
		3886C09B1BD748830014E661 /* AppDelegate.m in Sources */ = {isa = PBXBuildFile; fileRef = 3886C09A1BD748830014E661 /* AppDelegate.m */; };
		3886C0A11BD748830014E661 /* Main.storyboard in Resources */ = {isa = PBXBuildFile; fileRef = 3886C09F1BD748830014E661 /* Main.storyboard */; };
		3886C0A31BD748830014E661 /* Assets.xcassets in Resources */ = {isa = PBXBuildFile; fileRef = 3886C0A21BD748830014E661 /* Assets.xcassets */; };
		3886C0AE1BD749A00014E661 /* LaunchScreen.xib in Resources */ = {isa = PBXBuildFile; fileRef = 3886C0AD1BD749A00014E661 /* LaunchScreen.xib */; };
		3886C0BB1BD74AE90014E661 /* BaseViewModel.m in Sources */ = {isa = PBXBuildFile; fileRef = 3886C0BA1BD74AE90014E661 /* BaseViewModel.m */; };
		3886C0BE1BD74AFE0014E661 /* BaseNetManager.m in Sources */ = {isa = PBXBuildFile; fileRef = 3886C0BD1BD74AFE0014E661 /* BaseNetManager.m */; };
		3886C0C11BD74B090014E661 /* BaseModel.m in Sources */ = {isa = PBXBuildFile; fileRef = 3886C0C01BD74B090014E661 /* BaseModel.m */; };
/* End PBXBuildFile section */

/* Begin PBXFileReference section */
		230671F21BE4621300F31D79 /* NewsWebViewController.h */ = {isa = PBXFileReference; fileEncoding = 4; lastKnownFileType = sourcecode.c.h; path = NewsWebViewController.h; sourceTree = "<group>"; };
		230671F31BE4621300F31D79 /* NewsWebViewController.m */ = {isa = PBXFileReference; fileEncoding = 4; lastKnownFileType = sourcecode.c.objc; path = NewsWebViewController.m; sourceTree = "<group>"; };
		2321E78E1BE0FCAC0007FE0A /* GoLocationViewController.h */ = {isa = PBXFileReference; fileEncoding = 4; lastKnownFileType = sourcecode.c.h; path = GoLocationViewController.h; sourceTree = "<group>"; };
		2321E78F1BE0FCAC0007FE0A /* GoLocationViewController.m */ = {isa = PBXFileReference; fileEncoding = 4; lastKnownFileType = sourcecode.c.objc; path = GoLocationViewController.m; sourceTree = "<group>"; };
		2321E7941BE1092D0007FE0A /* WeatherModel.h */ = {isa = PBXFileReference; fileEncoding = 4; lastKnownFileType = sourcecode.c.h; path = WeatherModel.h; sourceTree = "<group>"; };
		2321E7951BE1092D0007FE0A /* WeatherModel.m */ = {isa = PBXFileReference; fileEncoding = 4; lastKnownFileType = sourcecode.c.objc; path = WeatherModel.m; sourceTree = "<group>"; };
		2321E8221BE10AF90007FE0A /* CityPicModel.h */ = {isa = PBXFileReference; fileEncoding = 4; lastKnownFileType = sourcecode.c.h; path = CityPicModel.h; sourceTree = "<group>"; };
		2321E8231BE10AF90007FE0A /* CityPicModel.m */ = {isa = PBXFileReference; fileEncoding = 4; lastKnownFileType = sourcecode.c.objc; path = CityPicModel.m; sourceTree = "<group>"; };
		2321E8251BE10DBE0007FE0A /* WeatherNetManager.h */ = {isa = PBXFileReference; fileEncoding = 4; lastKnownFileType = sourcecode.c.h; path = WeatherNetManager.h; sourceTree = "<group>"; };
		2321E8261BE10DBE0007FE0A /* WeatherNetManager.m */ = {isa = PBXFileReference; fileEncoding = 4; lastKnownFileType = sourcecode.c.objc; path = WeatherNetManager.m; sourceTree = "<group>"; };
		2321E8281BE130630007FE0A /* WeatherViewModel.h */ = {isa = PBXFileReference; fileEncoding = 4; lastKnownFileType = sourcecode.c.h; path = WeatherViewModel.h; sourceTree = "<group>"; };
		2321E8291BE130630007FE0A /* WeatherViewModel.m */ = {isa = PBXFileReference; fileEncoding = 4; lastKnownFileType = sourcecode.c.objc; path = WeatherViewModel.m; sourceTree = "<group>"; };
		232746611BD90E8000BC335D /* MainViewController.h */ = {isa = PBXFileReference; fileEncoding = 4; lastKnownFileType = sourcecode.c.h; name = MainViewController.h; path = ../View/MainViewController.h; sourceTree = "<group>"; };
		232746621BD90E8000BC335D /* MainViewController.m */ = {isa = PBXFileReference; fileEncoding = 4; lastKnownFileType = sourcecode.c.objc; name = MainViewController.m; path = ../View/MainViewController.m; sourceTree = "<group>"; };
		239531581BE1C2AE00FEB8DD /* WeatherView.h */ = {isa = PBXFileReference; fileEncoding = 4; lastKnownFileType = sourcecode.c.h; path = WeatherView.h; sourceTree = "<group>"; };
		239531591BE1C2AE00FEB8DD /* WeatherView.m */ = {isa = PBXFileReference; fileEncoding = 4; lastKnownFileType = sourcecode.c.objc; path = WeatherView.m; sourceTree = "<group>"; };
		2395315C1BE1FC0E00FEB8DD /* 00.png */ = {isa = PBXFileReference; lastKnownFileType = image.png; path = 00.png; sourceTree = "<group>"; };
		2395315D1BE1FC0E00FEB8DD /* 01.png */ = {isa = PBXFileReference; lastKnownFileType = image.png; path = 01.png; sourceTree = "<group>"; };
		2395315E1BE1FC0E00FEB8DD /* 02.png */ = {isa = PBXFileReference; lastKnownFileType = image.png; path = 02.png; sourceTree = "<group>"; };
		2395315F1BE1FC0E00FEB8DD /* 03.png */ = {isa = PBXFileReference; lastKnownFileType = image.png; path = 03.png; sourceTree = "<group>"; };
		239531601BE1FC0E00FEB8DD /* 04.png */ = {isa = PBXFileReference; lastKnownFileType = image.png; path = 04.png; sourceTree = "<group>"; };
		239531611BE1FC0E00FEB8DD /* 05.png */ = {isa = PBXFileReference; lastKnownFileType = image.png; path = 05.png; sourceTree = "<group>"; };
		239531621BE1FC0E00FEB8DD /* 06.png */ = {isa = PBXFileReference; lastKnownFileType = image.png; path = 06.png; sourceTree = "<group>"; };
		239531631BE1FC0E00FEB8DD /* 07.png */ = {isa = PBXFileReference; lastKnownFileType = image.png; path = 07.png; sourceTree = "<group>"; };
		239531641BE1FC0E00FEB8DD /* 08.png */ = {isa = PBXFileReference; lastKnownFileType = image.png; path = 08.png; sourceTree = "<group>"; };
		239531651BE1FC0E00FEB8DD /* 09.png */ = {isa = PBXFileReference; lastKnownFileType = image.png; path = 09.png; sourceTree = "<group>"; };
		239531661BE1FC0E00FEB8DD /* 10.png */ = {isa = PBXFileReference; lastKnownFileType = image.png; path = 10.png; sourceTree = "<group>"; };
		239531671BE1FC0E00FEB8DD /* 11.png */ = {isa = PBXFileReference; lastKnownFileType = image.png; path = 11.png; sourceTree = "<group>"; };
		239531681BE1FC0E00FEB8DD /* 12.png */ = {isa = PBXFileReference; lastKnownFileType = image.png; path = 12.png; sourceTree = "<group>"; };
		239531691BE1FC0E00FEB8DD /* 13.png */ = {isa = PBXFileReference; lastKnownFileType = image.png; path = 13.png; sourceTree = "<group>"; };
		2395316A1BE1FC0E00FEB8DD /* 14.png */ = {isa = PBXFileReference; lastKnownFileType = image.png; path = 14.png; sourceTree = "<group>"; };
		2395316B1BE1FC0E00FEB8DD /* 15.png */ = {isa = PBXFileReference; lastKnownFileType = image.png; path = 15.png; sourceTree = "<group>"; };
		2395316C1BE1FC0E00FEB8DD /* 16.png */ = {isa = PBXFileReference; lastKnownFileType = image.png; path = 16.png; sourceTree = "<group>"; };
		2395316D1BE1FC0E00FEB8DD /* 17.png */ = {isa = PBXFileReference; lastKnownFileType = image.png; path = 17.png; sourceTree = "<group>"; };
		2395316E1BE1FC0E00FEB8DD /* 18.png */ = {isa = PBXFileReference; lastKnownFileType = image.png; path = 18.png; sourceTree = "<group>"; };
		2395316F1BE1FC0E00FEB8DD /* 19.png */ = {isa = PBXFileReference; lastKnownFileType = image.png; path = 19.png; sourceTree = "<group>"; };
		239531701BE1FC0E00FEB8DD /* 20.png */ = {isa = PBXFileReference; lastKnownFileType = image.png; path = 20.png; sourceTree = "<group>"; };
		239531711BE1FC0E00FEB8DD /* 21.png */ = {isa = PBXFileReference; lastKnownFileType = image.png; path = 21.png; sourceTree = "<group>"; };
		239531721BE1FC0E00FEB8DD /* 22.png */ = {isa = PBXFileReference; lastKnownFileType = image.png; path = 22.png; sourceTree = "<group>"; };
		239531731BE1FC0E00FEB8DD /* 23.png */ = {isa = PBXFileReference; lastKnownFileType = image.png; path = 23.png; sourceTree = "<group>"; };
		239531741BE1FC0E00FEB8DD /* 24.png */ = {isa = PBXFileReference; lastKnownFileType = image.png; path = 24.png; sourceTree = "<group>"; };
		239531751BE1FC0E00FEB8DD /* 25.png */ = {isa = PBXFileReference; lastKnownFileType = image.png; path = 25.png; sourceTree = "<group>"; };
		239531761BE1FC0E00FEB8DD /* 26.png */ = {isa = PBXFileReference; lastKnownFileType = image.png; path = 26.png; sourceTree = "<group>"; };
		239531771BE1FC0E00FEB8DD /* 27.png */ = {isa = PBXFileReference; lastKnownFileType = image.png; path = 27.png; sourceTree = "<group>"; };
		239531781BE1FC0E00FEB8DD /* 28.png */ = {isa = PBXFileReference; lastKnownFileType = image.png; path = 28.png; sourceTree = "<group>"; };
		239531791BE1FC0E00FEB8DD /* 29.png */ = {isa = PBXFileReference; lastKnownFileType = image.png; path = 29.png; sourceTree = "<group>"; };
		2395317A1BE1FC0E00FEB8DD /* 30.png */ = {isa = PBXFileReference; lastKnownFileType = image.png; path = 30.png; sourceTree = "<group>"; };
		2395317B1BE1FC0E00FEB8DD /* 31.png */ = {isa = PBXFileReference; lastKnownFileType = image.png; path = 31.png; sourceTree = "<group>"; };
		2395317C1BE1FC0E00FEB8DD /* 53.png */ = {isa = PBXFileReference; lastKnownFileType = image.png; path = 53.png; sourceTree = "<group>"; };
		2395317D1BE1FC0E00FEB8DD /* Thumbs.db */ = {isa = PBXFileReference; lastKnownFileType = file; path = Thumbs.db; sourceTree = "<group>"; };
		239531A61BE23F1700FEB8DD /* bg.jpg */ = {isa = PBXFileReference; lastKnownFileType = image.jpeg; path = bg.jpg; sourceTree = "<group>"; };
		239531AB1BE245CB00FEB8DD /* BDNewsModel.h */ = {isa = PBXFileReference; fileEncoding = 4; lastKnownFileType = sourcecode.c.h; path = BDNewsModel.h; sourceTree = "<group>"; };
		239531AC1BE245CB00FEB8DD /* BDNewsModel.m */ = {isa = PBXFileReference; fileEncoding = 4; lastKnownFileType = sourcecode.c.objc; path = BDNewsModel.m; sourceTree = "<group>"; };
		239531AE1BE248C800FEB8DD /* NewsListNetManager.h */ = {isa = PBXFileReference; fileEncoding = 4; lastKnownFileType = sourcecode.c.h; path = NewsListNetManager.h; sourceTree = "<group>"; };
		239531AF1BE248C800FEB8DD /* NewsListNetManager.m */ = {isa = PBXFileReference; fileEncoding = 4; lastKnownFileType = sourcecode.c.objc; path = NewsListNetManager.m; sourceTree = "<group>"; };
		239531B11BE24B4600FEB8DD /* NewsListViewModel.h */ = {isa = PBXFileReference; fileEncoding = 4; lastKnownFileType = sourcecode.c.h; path = NewsListViewModel.h; sourceTree = "<group>"; };
		239531B21BE24B4600FEB8DD /* NewsListViewModel.m */ = {isa = PBXFileReference; fileEncoding = 4; lastKnownFileType = sourcecode.c.objc; path = NewsListViewModel.m; sourceTree = "<group>"; };
		23B965C51BDA581200245FE5 /* CoreLocation.framework */ = {isa = PBXFileReference; lastKnownFileType = wrapper.framework; name = CoreLocation.framework; path = System/Library/Frameworks/CoreLocation.framework; sourceTree = SDKROOT; };
		23B965C71BDA581900245FE5 /* MapKit.framework */ = {isa = PBXFileReference; lastKnownFileType = wrapper.framework; name = MapKit.framework; path = System/Library/Frameworks/MapKit.framework; sourceTree = SDKROOT; };
		23B965C91BDA594600245FE5 /* LocationViewController.h */ = {isa = PBXFileReference; fileEncoding = 4; lastKnownFileType = sourcecode.c.h; path = LocationViewController.h; sourceTree = "<group>"; };
		23B965CA1BDA594600245FE5 /* LocationViewController.m */ = {isa = PBXFileReference; fileEncoding = 4; lastKnownFileType = sourcecode.c.objc; path = LocationViewController.m; sourceTree = "<group>"; };
		23B965CC1BDB22FD00245FE5 /* CityListModel.h */ = {isa = PBXFileReference; fileEncoding = 4; lastKnownFileType = sourcecode.c.h; path = CityListModel.h; sourceTree = "<group>"; };
		23B965CD1BDB22FD00245FE5 /* CityListModel.m */ = {isa = PBXFileReference; fileEncoding = 4; lastKnownFileType = sourcecode.c.objc; path = CityListModel.m; sourceTree = "<group>"; };
		23B965CF1BDB24EE00245FE5 /* CityListNetManager.h */ = {isa = PBXFileReference; fileEncoding = 4; lastKnownFileType = sourcecode.c.h; path = CityListNetManager.h; sourceTree = "<group>"; };
		23B965D01BDB24EE00245FE5 /* CityListNetManager.m */ = {isa = PBXFileReference; fileEncoding = 4; lastKnownFileType = sourcecode.c.objc; path = CityListNetManager.m; sourceTree = "<group>"; };
		23B965D21BDB437500245FE5 /* CityListViewModel.h */ = {isa = PBXFileReference; fileEncoding = 4; lastKnownFileType = sourcecode.c.h; path = CityListViewModel.h; sourceTree = "<group>"; };
		23B965D31BDB437500245FE5 /* CityListViewModel.m */ = {isa = PBXFileReference; fileEncoding = 4; lastKnownFileType = sourcecode.c.objc; path = CityListViewModel.m; sourceTree = "<group>"; };
		23B966AD1BDE025200245FE5 /* LocationCityViewController.h */ = {isa = PBXFileReference; fileEncoding = 4; lastKnownFileType = sourcecode.c.h; path = LocationCityViewController.h; sourceTree = "<group>"; };
		23B966AE1BDE025200245FE5 /* LocationCityViewController.m */ = {isa = PBXFileReference; fileEncoding = 4; lastKnownFileType = sourcecode.c.objc; path = LocationCityViewController.m; sourceTree = "<group>"; };
		23B966B01BDE028000245FE5 /* LocationDistrictViewController.h */ = {isa = PBXFileReference; fileEncoding = 4; lastKnownFileType = sourcecode.c.h; path = LocationDistrictViewController.h; sourceTree = "<group>"; };
		23B966B11BDE028000245FE5 /* LocationDistrictViewController.m */ = {isa = PBXFileReference; fileEncoding = 4; lastKnownFileType = sourcecode.c.objc; path = LocationDistrictViewController.m; sourceTree = "<group>"; };
		3804CE491BD758F10046C8C8 /* AppDelegate+Category.h */ = {isa = PBXFileReference; fileEncoding = 4; lastKnownFileType = sourcecode.c.h; path = "AppDelegate+Category.h"; sourceTree = "<group>"; };
		3804CE4A1BD758F10046C8C8 /* AppDelegate+Category.m */ = {isa = PBXFileReference; fileEncoding = 4; lastKnownFileType = sourcecode.c.objc; path = "AppDelegate+Category.m"; sourceTree = "<group>"; };
		3804CE4B1BD758F10046C8C8 /* NSObject+Common.h */ = {isa = PBXFileReference; fileEncoding = 4; lastKnownFileType = sourcecode.c.h; path = "NSObject+Common.h"; sourceTree = "<group>"; };
		3804CE4C1BD758F10046C8C8 /* NSObject+Common.m */ = {isa = PBXFileReference; fileEncoding = 4; lastKnownFileType = sourcecode.c.objc; path = "NSObject+Common.m"; sourceTree = "<group>"; };
		3804CE4D1BD758F10046C8C8 /* NSString+PJR.h */ = {isa = PBXFileReference; fileEncoding = 4; lastKnownFileType = sourcecode.c.h; path = "NSString+PJR.h"; sourceTree = "<group>"; };
		3804CE4E1BD758F10046C8C8 /* NSString+PJR.m */ = {isa = PBXFileReference; fileEncoding = 4; lastKnownFileType = sourcecode.c.objc; path = "NSString+PJR.m"; sourceTree = "<group>"; };
		3804CE4F1BD758F10046C8C8 /* NSString+QRCode.h */ = {isa = PBXFileReference; fileEncoding = 4; lastKnownFileType = sourcecode.c.h; path = "NSString+QRCode.h"; sourceTree = "<group>"; };
		3804CE501BD758F10046C8C8 /* NSString+QRCode.m */ = {isa = PBXFileReference; fileEncoding = 4; lastKnownFileType = sourcecode.c.objc; path = "NSString+QRCode.m"; sourceTree = "<group>"; };
		3886C0931BD748830014E661 /* BaseProject.app */ = {isa = PBXFileReference; explicitFileType = wrapper.application; includeInIndex = 0; path = BaseProject.app; sourceTree = BUILT_PRODUCTS_DIR; };
		3886C0971BD748830014E661 /* main.m */ = {isa = PBXFileReference; lastKnownFileType = sourcecode.c.objc; path = main.m; sourceTree = "<group>"; };
		3886C0991BD748830014E661 /* AppDelegate.h */ = {isa = PBXFileReference; lastKnownFileType = sourcecode.c.h; path = AppDelegate.h; sourceTree = "<group>"; };
		3886C09A1BD748830014E661 /* AppDelegate.m */ = {isa = PBXFileReference; lastKnownFileType = sourcecode.c.objc; path = AppDelegate.m; sourceTree = "<group>"; };
		3886C0A01BD748830014E661 /* Base */ = {isa = PBXFileReference; lastKnownFileType = file.storyboard; name = Base; path = Base.lproj/Main.storyboard; sourceTree = "<group>"; };
		3886C0A21BD748830014E661 /* Assets.xcassets */ = {isa = PBXFileReference; lastKnownFileType = folder.assetcatalog; name = Assets.xcassets; path = ../Assets.xcassets; sourceTree = "<group>"; };
		3886C0A71BD748830014E661 /* Info.plist */ = {isa = PBXFileReference; lastKnownFileType = text.plist.xml; path = Info.plist; sourceTree = "<group>"; };
		3886C0AD1BD749A00014E661 /* LaunchScreen.xib */ = {isa = PBXFileReference; fileEncoding = 4; lastKnownFileType = file.xib; name = LaunchScreen.xib; path = ../LaunchScreen.xib; sourceTree = "<group>"; };
		3886C0B81BD74A700014E661 /* PrefixHeader.pch */ = {isa = PBXFileReference; lastKnownFileType = sourcecode.c.h; path = PrefixHeader.pch; sourceTree = "<group>"; };
		3886C0B91BD74AE90014E661 /* BaseViewModel.h */ = {isa = PBXFileReference; fileEncoding = 4; lastKnownFileType = sourcecode.c.h; path = BaseViewModel.h; sourceTree = "<group>"; };
		3886C0BA1BD74AE90014E661 /* BaseViewModel.m */ = {isa = PBXFileReference; fileEncoding = 4; lastKnownFileType = sourcecode.c.objc; path = BaseViewModel.m; sourceTree = "<group>"; };
		3886C0BC1BD74AFE0014E661 /* BaseNetManager.h */ = {isa = PBXFileReference; fileEncoding = 4; lastKnownFileType = sourcecode.c.h; path = BaseNetManager.h; sourceTree = "<group>"; };
		3886C0BD1BD74AFE0014E661 /* BaseNetManager.m */ = {isa = PBXFileReference; fileEncoding = 4; lastKnownFileType = sourcecode.c.objc; path = BaseNetManager.m; sourceTree = "<group>"; };
		3886C0BF1BD74B090014E661 /* BaseModel.h */ = {isa = PBXFileReference; fileEncoding = 4; lastKnownFileType = sourcecode.c.h; path = BaseModel.h; sourceTree = "<group>"; };
		3886C0C01BD74B090014E661 /* BaseModel.m */ = {isa = PBXFileReference; fileEncoding = 4; lastKnownFileType = sourcecode.c.objc; path = BaseModel.m; sourceTree = "<group>"; };
		3886C0C21BD74B430014E661 /* Constants.h */ = {isa = PBXFileReference; lastKnownFileType = sourcecode.c.h; path = Constants.h; sourceTree = "<group>"; };
		4329DABFE5AD654FE71597C9 /* Pods-BaseProject.debug.xcconfig */ = {isa = PBXFileReference; includeInIndex = 1; lastKnownFileType = text.xcconfig; name = "Pods-BaseProject.debug.xcconfig"; path = "Pods/Target Support Files/Pods-BaseProject/Pods-BaseProject.debug.xcconfig"; sourceTree = "<group>"; };
		5EAAD623A23724C816F8DC02 /* libPods-BaseProject.a */ = {isa = PBXFileReference; explicitFileType = archive.ar; includeInIndex = 0; path = "libPods-BaseProject.a"; sourceTree = BUILT_PRODUCTS_DIR; };
		DD4F0750B5DAAA87BA236B31 /* Pods-BaseProject.release.xcconfig */ = {isa = PBXFileReference; includeInIndex = 1; lastKnownFileType = text.xcconfig; name = "Pods-BaseProject.release.xcconfig"; path = "Pods/Target Support Files/Pods-BaseProject/Pods-BaseProject.release.xcconfig"; sourceTree = "<group>"; };
/* End PBXFileReference section */

/* Begin PBXFrameworksBuildPhase section */
		3886C0901BD748830014E661 /* Frameworks */ = {
			isa = PBXFrameworksBuildPhase;
			buildActionMask = 2147483647;
			files = (
				23B965C81BDA581900245FE5 /* MapKit.framework in Frameworks */,
				23B965C61BDA581200245FE5 /* CoreLocation.framework in Frameworks */,
				1FACF87C97D68F953ECE365C /* libPods-BaseProject.a in Frameworks */,
			);
			runOnlyForDeploymentPostprocessing = 0;
		};
/* End PBXFrameworksBuildPhase section */

/* Begin PBXGroup section */
		2395315B1BE1FC0E00FEB8DD /* night */ = {
			isa = PBXGroup;
			children = (
				2395315C1BE1FC0E00FEB8DD /* 00.png */,
				2395315D1BE1FC0E00FEB8DD /* 01.png */,
				2395315E1BE1FC0E00FEB8DD /* 02.png */,
				2395315F1BE1FC0E00FEB8DD /* 03.png */,
				239531601BE1FC0E00FEB8DD /* 04.png */,
				239531611BE1FC0E00FEB8DD /* 05.png */,
				239531621BE1FC0E00FEB8DD /* 06.png */,
				239531631BE1FC0E00FEB8DD /* 07.png */,
				239531641BE1FC0E00FEB8DD /* 08.png */,
				239531651BE1FC0E00FEB8DD /* 09.png */,
				239531661BE1FC0E00FEB8DD /* 10.png */,
				239531671BE1FC0E00FEB8DD /* 11.png */,
				239531681BE1FC0E00FEB8DD /* 12.png */,
				239531691BE1FC0E00FEB8DD /* 13.png */,
				2395316A1BE1FC0E00FEB8DD /* 14.png */,
				2395316B1BE1FC0E00FEB8DD /* 15.png */,
				2395316C1BE1FC0E00FEB8DD /* 16.png */,
				2395316D1BE1FC0E00FEB8DD /* 17.png */,
				2395316E1BE1FC0E00FEB8DD /* 18.png */,
				2395316F1BE1FC0E00FEB8DD /* 19.png */,
				239531701BE1FC0E00FEB8DD /* 20.png */,
				239531711BE1FC0E00FEB8DD /* 21.png */,
				239531721BE1FC0E00FEB8DD /* 22.png */,
				239531731BE1FC0E00FEB8DD /* 23.png */,
				239531741BE1FC0E00FEB8DD /* 24.png */,
				239531751BE1FC0E00FEB8DD /* 25.png */,
				239531761BE1FC0E00FEB8DD /* 26.png */,
				239531771BE1FC0E00FEB8DD /* 27.png */,
				239531781BE1FC0E00FEB8DD /* 28.png */,
				239531791BE1FC0E00FEB8DD /* 29.png */,
				2395317A1BE1FC0E00FEB8DD /* 30.png */,
				2395317B1BE1FC0E00FEB8DD /* 31.png */,
				2395317C1BE1FC0E00FEB8DD /* 53.png */,
				2395317D1BE1FC0E00FEB8DD /* Thumbs.db */,
			);
			path = night;
			sourceTree = "<group>";
		};
		23BE46151BDE7C910025E6AA /* Location */ = {
			isa = PBXGroup;
			children = (
				23B965C91BDA594600245FE5 /* LocationViewController.h */,
				23B965CA1BDA594600245FE5 /* LocationViewController.m */,
				23B966AD1BDE025200245FE5 /* LocationCityViewController.h */,
				23B966AE1BDE025200245FE5 /* LocationCityViewController.m */,
				23B966B01BDE028000245FE5 /* LocationDistrictViewController.h */,
				23B966B11BDE028000245FE5 /* LocationDistrictViewController.m */,
				2321E78E1BE0FCAC0007FE0A /* GoLocationViewController.h */,
				2321E78F1BE0FCAC0007FE0A /* GoLocationViewController.m */,
			);
			name = Location;
			sourceTree = "<group>";
		};
		3804CE481BD758F10046C8C8 /* Category */ = {
			isa = PBXGroup;
			children = (
				3804CE491BD758F10046C8C8 /* AppDelegate+Category.h */,
				3804CE4A1BD758F10046C8C8 /* AppDelegate+Category.m */,
				3804CE4B1BD758F10046C8C8 /* NSObject+Common.h */,
				3804CE4C1BD758F10046C8C8 /* NSObject+Common.m */,
				3804CE4D1BD758F10046C8C8 /* NSString+PJR.h */,
				3804CE4E1BD758F10046C8C8 /* NSString+PJR.m */,
				3804CE4F1BD758F10046C8C8 /* NSString+QRCode.h */,
				3804CE501BD758F10046C8C8 /* NSString+QRCode.m */,
			);
			path = Category;
			sourceTree = "<group>";
		};
		3886C08A1BD748830014E661 = {
			isa = PBXGroup;
			children = (
				3886C0951BD748830014E661 /* BaseProject */,
				3886C0941BD748830014E661 /* Products */,
				DEB62B47C560AA65E07ECFA4 /* Pods */,
				FA3445AEA3874C1D4FE61EAF /* Frameworks */,
			);
			sourceTree = "<group>";
		};
		3886C0941BD748830014E661 /* Products */ = {
			isa = PBXGroup;
			children = (
				3886C0931BD748830014E661 /* BaseProject.app */,
			);
			name = Products;
			sourceTree = "<group>";
		};
		3886C0951BD748830014E661 /* BaseProject */ = {
			isa = PBXGroup;
			children = (
				3886C0AF1BD74A4A0014E661 /* Define */,
				3886C0B01BD74A4A0014E661 /* Model */,
				3886C0B11BD74A4A0014E661 /* NetManager */,
				3886C0B21BD74A4A0014E661 /* Resource */,
				3886C0B31BD74A4A0014E661 /* Util */,
				3886C0B41BD74A4A0014E661 /* Vendor */,
				3886C0B51BD74A4A0014E661 /* View */,
				3886C0B61BD74A4A0014E661 /* ViewController */,
				3886C0B71BD74A4A0014E661 /* ViewModel */,
				3886C0991BD748830014E661 /* AppDelegate.h */,
				3886C09A1BD748830014E661 /* AppDelegate.m */,
				3886C0961BD748830014E661 /* Supporting Files */,
			);
			path = BaseProject;
			sourceTree = "<group>";
		};
		3886C0961BD748830014E661 /* Supporting Files */ = {
			isa = PBXGroup;
			children = (
				3886C0A71BD748830014E661 /* Info.plist */,
				3886C0971BD748830014E661 /* main.m */,
			);
			name = "Supporting Files";
			sourceTree = "<group>";
		};
		3886C0AF1BD74A4A0014E661 /* Define */ = {
			isa = PBXGroup;
			children = (
				3886C0C21BD74B430014E661 /* Constants.h */,
			);
			path = Define;
			sourceTree = "<group>";
		};
		3886C0B01BD74A4A0014E661 /* Model */ = {
			isa = PBXGroup;
			children = (
				23B965CC1BDB22FD00245FE5 /* CityListModel.h */,
				23B965CD1BDB22FD00245FE5 /* CityListModel.m */,
				3886C0BF1BD74B090014E661 /* BaseModel.h */,
				3886C0C01BD74B090014E661 /* BaseModel.m */,
				2321E8221BE10AF90007FE0A /* CityPicModel.h */,
				2321E8231BE10AF90007FE0A /* CityPicModel.m */,
				2321E7941BE1092D0007FE0A /* WeatherModel.h */,
				2321E7951BE1092D0007FE0A /* WeatherModel.m */,
				239531AB1BE245CB00FEB8DD /* BDNewsModel.h */,
				239531AC1BE245CB00FEB8DD /* BDNewsModel.m */,
			);
			path = Model;
			sourceTree = "<group>";
		};
		3886C0B11BD74A4A0014E661 /* NetManager */ = {
			isa = PBXGroup;
			children = (
				3886C0BC1BD74AFE0014E661 /* BaseNetManager.h */,
				3886C0BD1BD74AFE0014E661 /* BaseNetManager.m */,
				23B965CF1BDB24EE00245FE5 /* CityListNetManager.h */,
				23B965D01BDB24EE00245FE5 /* CityListNetManager.m */,
				2321E8251BE10DBE0007FE0A /* WeatherNetManager.h */,
				2321E8261BE10DBE0007FE0A /* WeatherNetManager.m */,
				239531AE1BE248C800FEB8DD /* NewsListNetManager.h */,
				239531AF1BE248C800FEB8DD /* NewsListNetManager.m */,
			);
			path = NetManager;
			sourceTree = "<group>";
		};
		3886C0B21BD74A4A0014E661 /* Resource */ = {
			isa = PBXGroup;
			children = (
				239531A61BE23F1700FEB8DD /* bg.jpg */,
				2395315B1BE1FC0E00FEB8DD /* night */,
				3886C0A21BD748830014E661 /* Assets.xcassets */,
				3886C0AD1BD749A00014E661 /* LaunchScreen.xib */,
				3886C09F1BD748830014E661 /* Main.storyboard */,
				3886C0B81BD74A700014E661 /* PrefixHeader.pch */,
			);
			path = Resource;
			sourceTree = "<group>";
		};
		3886C0B31BD74A4A0014E661 /* Util */ = {
			isa = PBXGroup;
			children = (
				3804CE481BD758F10046C8C8 /* Category */,
			);
			path = Util;
			sourceTree = "<group>";
		};
		3886C0B41BD74A4A0014E661 /* Vendor */ = {
			isa = PBXGroup;
			children = (
			);
			path = Vendor;
			sourceTree = "<group>";
		};
		3886C0B51BD74A4A0014E661 /* View */ = {
			isa = PBXGroup;
			children = (
				239531581BE1C2AE00FEB8DD /* WeatherView.h */,
				239531591BE1C2AE00FEB8DD /* WeatherView.m */,
			);
			path = View;
			sourceTree = "<group>";
		};
		3886C0B61BD74A4A0014E661 /* ViewController */ = {
			isa = PBXGroup;
			children = (
				23BE46151BDE7C910025E6AA /* Location */,
				232746611BD90E8000BC335D /* MainViewController.h */,
				232746621BD90E8000BC335D /* MainViewController.m */,
				230671F21BE4621300F31D79 /* NewsWebViewController.h */,
				230671F31BE4621300F31D79 /* NewsWebViewController.m */,
			);
			path = ViewController;
			sourceTree = "<group>";
		};
		3886C0B71BD74A4A0014E661 /* ViewModel */ = {
			isa = PBXGroup;
			children = (
				3886C0B91BD74AE90014E661 /* BaseViewModel.h */,
				3886C0BA1BD74AE90014E661 /* BaseViewModel.m */,
				23B965D21BDB437500245FE5 /* CityListViewModel.h */,
				23B965D31BDB437500245FE5 /* CityListViewModel.m */,
				2321E8281BE130630007FE0A /* WeatherViewModel.h */,
				2321E8291BE130630007FE0A /* WeatherViewModel.m */,
				239531B11BE24B4600FEB8DD /* NewsListViewModel.h */,
				239531B21BE24B4600FEB8DD /* NewsListViewModel.m */,
			);
			path = ViewModel;
			sourceTree = "<group>";
		};
		DEB62B47C560AA65E07ECFA4 /* Pods */ = {
			isa = PBXGroup;
			children = (
				4329DABFE5AD654FE71597C9 /* Pods-BaseProject.debug.xcconfig */,
				DD4F0750B5DAAA87BA236B31 /* Pods-BaseProject.release.xcconfig */,
			);
			name = Pods;
			sourceTree = "<group>";
		};
		FA3445AEA3874C1D4FE61EAF /* Frameworks */ = {
			isa = PBXGroup;
			children = (
				23B965C71BDA581900245FE5 /* MapKit.framework */,
				23B965C51BDA581200245FE5 /* CoreLocation.framework */,
				5EAAD623A23724C816F8DC02 /* libPods-BaseProject.a */,
			);
			name = Frameworks;
			sourceTree = "<group>";
		};
/* End PBXGroup section */

/* Begin PBXNativeTarget section */
		3886C0921BD748830014E661 /* BaseProject */ = {
			isa = PBXNativeTarget;
			buildConfigurationList = 3886C0AA1BD748830014E661 /* Build configuration list for PBXNativeTarget "BaseProject" */;
			buildPhases = (
				3BE2C1445115A065F15F14E8 /* Check Pods Manifest.lock */,
				3886C08F1BD748830014E661 /* Sources */,
				3886C0901BD748830014E661 /* Frameworks */,
				3886C0911BD748830014E661 /* Resources */,
				430C310E2266957577983B35 /* Embed Pods Frameworks */,
				D8E8828545C9BEB50A74CA11 /* Copy Pods Resources */,
			);
			buildRules = (
			);
			dependencies = (
			);
			name = BaseProject;
			productName = BaseProject;
			productReference = 3886C0931BD748830014E661 /* BaseProject.app */;
			productType = "com.apple.product-type.application";
		};
/* End PBXNativeTarget section */

/* Begin PBXProject section */
		3886C08B1BD748830014E661 /* Project object */ = {
			isa = PBXProject;
			attributes = {
				LastUpgradeCheck = 0700;
				ORGANIZATIONNAME = Tarena;
				TargetAttributes = {
					3886C0921BD748830014E661 = {
						CreatedOnToolsVersion = 7.0;
						DevelopmentTeam = ZAL6KE53PW;
					};
				};
			};
			buildConfigurationList = 3886C08E1BD748830014E661 /* Build configuration list for PBXProject "BaseProject" */;
			compatibilityVersion = "Xcode 3.2";
			developmentRegion = English;
			hasScannedForEncodings = 0;
			knownRegions = (
				en,
				Base,
			);
			mainGroup = 3886C08A1BD748830014E661;
			productRefGroup = 3886C0941BD748830014E661 /* Products */;
			projectDirPath = "";
			projectRoot = "";
			targets = (
				3886C0921BD748830014E661 /* BaseProject */,
			);
		};
/* End PBXProject section */

/* Begin PBXResourcesBuildPhase section */
		3886C0911BD748830014E661 /* Resources */ = {
			isa = PBXResourcesBuildPhase;
			buildActionMask = 2147483647;
			files = (
				2395318E1BE1FC0E00FEB8DD /* 16.png in Resources */,
				2395318F1BE1FC0E00FEB8DD /* 17.png in Resources */,
				239531871BE1FC0E00FEB8DD /* 09.png in Resources */,
				2395319A1BE1FC0E00FEB8DD /* 28.png in Resources */,
				239531921BE1FC0E00FEB8DD /* 20.png in Resources */,
				239531811BE1FC0E00FEB8DD /* 03.png in Resources */,
				239531911BE1FC0E00FEB8DD /* 19.png in Resources */,
				2395317F1BE1FC0E00FEB8DD /* 01.png in Resources */,
				3886C0A31BD748830014E661 /* Assets.xcassets in Resources */,
				2395319E1BE1FC0E00FEB8DD /* 53.png in Resources */,
				239531A71BE23F1700FEB8DD /* bg.jpg in Resources */,
				2395317E1BE1FC0E00FEB8DD /* 00.png in Resources */,
				2395319D1BE1FC0E00FEB8DD /* 31.png in Resources */,
				3886C0AE1BD749A00014E661 /* LaunchScreen.xib in Resources */,
				239531861BE1FC0E00FEB8DD /* 08.png in Resources */,
				239531971BE1FC0E00FEB8DD /* 25.png in Resources */,
				239531851BE1FC0E00FEB8DD /* 07.png in Resources */,
				239531881BE1FC0E00FEB8DD /* 10.png in Resources */,
				239531941BE1FC0E00FEB8DD /* 22.png in Resources */,
				2395319F1BE1FC0E00FEB8DD /* Thumbs.db in Resources */,
				2395319C1BE1FC0E00FEB8DD /* 30.png in Resources */,
				239531981BE1FC0E00FEB8DD /* 26.png in Resources */,
				239531841BE1FC0E00FEB8DD /* 06.png in Resources */,
				239531951BE1FC0E00FEB8DD /* 23.png in Resources */,
				239531901BE1FC0E00FEB8DD /* 18.png in Resources */,
				2395318D1BE1FC0E00FEB8DD /* 15.png in Resources */,
				2395318C1BE1FC0E00FEB8DD /* 14.png in Resources */,
				239531891BE1FC0E00FEB8DD /* 11.png in Resources */,
				239531831BE1FC0E00FEB8DD /* 05.png in Resources */,
				2395318A1BE1FC0E00FEB8DD /* 12.png in Resources */,
				239531931BE1FC0E00FEB8DD /* 21.png in Resources */,
				239531961BE1FC0E00FEB8DD /* 24.png in Resources */,
				2395318B1BE1FC0E00FEB8DD /* 13.png in Resources */,
				239531991BE1FC0E00FEB8DD /* 27.png in Resources */,
				239531821BE1FC0E00FEB8DD /* 04.png in Resources */,
				2395319B1BE1FC0E00FEB8DD /* 29.png in Resources */,
				3886C0A11BD748830014E661 /* Main.storyboard in Resources */,
				239531801BE1FC0E00FEB8DD /* 02.png in Resources */,
			);
			runOnlyForDeploymentPostprocessing = 0;
		};
/* End PBXResourcesBuildPhase section */

/* Begin PBXShellScriptBuildPhase section */
		3BE2C1445115A065F15F14E8 /* Check Pods Manifest.lock */ = {
			isa = PBXShellScriptBuildPhase;
			buildActionMask = 2147483647;
			files = (
			);
			inputPaths = (
			);
			name = "Check Pods Manifest.lock";
			outputPaths = (
			);
			runOnlyForDeploymentPostprocessing = 0;
			shellPath = /bin/sh;
			shellScript = "diff \"${PODS_ROOT}/../Podfile.lock\" \"${PODS_ROOT}/Manifest.lock\" > /dev/null\nif [[ $? != 0 ]] ; then\n    cat << EOM\nerror: The sandbox is not in sync with the Podfile.lock. Run 'pod install' or update your CocoaPods installation.\nEOM\n    exit 1\nfi\n";
			showEnvVarsInLog = 0;
		};
		430C310E2266957577983B35 /* Embed Pods Frameworks */ = {
			isa = PBXShellScriptBuildPhase;
			buildActionMask = 2147483647;
			files = (
			);
			inputPaths = (
			);
			name = "Embed Pods Frameworks";
			outputPaths = (
			);
			runOnlyForDeploymentPostprocessing = 0;
			shellPath = /bin/sh;
			shellScript = "\"${SRCROOT}/Pods/Target Support Files/Pods-BaseProject/Pods-BaseProject-frameworks.sh\"\n";
			showEnvVarsInLog = 0;
		};
		D8E8828545C9BEB50A74CA11 /* Copy Pods Resources */ = {
			isa = PBXShellScriptBuildPhase;
			buildActionMask = 2147483647;
			files = (
			);
			inputPaths = (
			);
			name = "Copy Pods Resources";
			outputPaths = (
			);
			runOnlyForDeploymentPostprocessing = 0;
			shellPath = /bin/sh;
			shellScript = "\"${SRCROOT}/Pods/Target Support Files/Pods-BaseProject/Pods-BaseProject-resources.sh\"\n";
			showEnvVarsInLog = 0;
		};
/* End PBXShellScriptBuildPhase section */

/* Begin PBXSourcesBuildPhase section */
		3886C08F1BD748830014E661 /* Sources */ = {
			isa = PBXSourcesBuildPhase;
			buildActionMask = 2147483647;
			files = (
				2321E8271BE10DBE0007FE0A /* WeatherNetManager.m in Sources */,
				2321E7901BE0FCAC0007FE0A /* GoLocationViewController.m in Sources */,
				239531B01BE248C800FEB8DD /* NewsListNetManager.m in Sources */,
				23B965D11BDB24EE00245FE5 /* CityListNetManager.m in Sources */,
				3886C0BE1BD74AFE0014E661 /* BaseNetManager.m in Sources */,
				23B966B21BDE028000245FE5 /* LocationDistrictViewController.m in Sources */,
				3804CE541BD758F10046C8C8 /* NSString+QRCode.m in Sources */,
				23B965D41BDB437500245FE5 /* CityListViewModel.m in Sources */,
				230671F41BE4621300F31D79 /* NewsWebViewController.m in Sources */,
				3804CE531BD758F10046C8C8 /* NSString+PJR.m in Sources */,
				23B965CB1BDA594600245FE5 /* LocationViewController.m in Sources */,
				23B965CE1BDB22FD00245FE5 /* CityListModel.m in Sources */,
				232746631BD90E8000BC335D /* MainViewController.m in Sources */,
				3886C09B1BD748830014E661 /* AppDelegate.m in Sources */,
				23B966AF1BDE025200245FE5 /* LocationCityViewController.m in Sources */,
				2321E7961BE1092D0007FE0A /* WeatherModel.m in Sources */,
				3804CE511BD758F10046C8C8 /* AppDelegate+Category.m in Sources */,
				3886C0BB1BD74AE90014E661 /* BaseViewModel.m in Sources */,
				3886C0C11BD74B090014E661 /* BaseModel.m in Sources */,
				2395315A1BE1C2AE00FEB8DD /* WeatherView.m in Sources */,
				239531AD1BE245CB00FEB8DD /* BDNewsModel.m in Sources */,
				3886C0981BD748830014E661 /* main.m in Sources */,
				3804CE521BD758F10046C8C8 /* NSObject+Common.m in Sources */,
				239531B31BE24B4600FEB8DD /* NewsListViewModel.m in Sources */,
				2321E82A1BE130630007FE0A /* WeatherViewModel.m in Sources */,
				2321E8241BE10AF90007FE0A /* CityPicModel.m in Sources */,
			);
			runOnlyForDeploymentPostprocessing = 0;
		};
/* End PBXSourcesBuildPhase section */

/* Begin PBXVariantGroup section */
		3886C09F1BD748830014E661 /* Main.storyboard */ = {
			isa = PBXVariantGroup;
			children = (
				3886C0A01BD748830014E661 /* Base */,
			);
			name = Main.storyboard;
			path = ..;
			sourceTree = "<group>";
		};
/* End PBXVariantGroup section */

/* Begin XCBuildConfiguration section */
		3886C0A81BD748830014E661 /* Debug */ = {
			isa = XCBuildConfiguration;
			buildSettings = {
				ALWAYS_SEARCH_USER_PATHS = NO;
				CLANG_CXX_LANGUAGE_STANDARD = "gnu++0x";
				CLANG_CXX_LIBRARY = "libc++";
				CLANG_ENABLE_MODULES = YES;
				CLANG_ENABLE_OBJC_ARC = YES;
				CLANG_WARN_BOOL_CONVERSION = YES;
				CLANG_WARN_CONSTANT_CONVERSION = YES;
				CLANG_WARN_DIRECT_OBJC_ISA_USAGE = YES_ERROR;
				CLANG_WARN_EMPTY_BODY = YES;
				CLANG_WARN_ENUM_CONVERSION = YES;
				CLANG_WARN_INT_CONVERSION = YES;
				CLANG_WARN_OBJC_ROOT_CLASS = YES_ERROR;
				CLANG_WARN_UNREACHABLE_CODE = YES;
				CLANG_WARN__DUPLICATE_METHOD_MATCH = YES;
				"CODE_SIGN_IDENTITY[sdk=iphoneos*]" = "iPhone Developer";
				COPY_PHASE_STRIP = NO;
				DEBUG_INFORMATION_FORMAT = dwarf;
				ENABLE_STRICT_OBJC_MSGSEND = YES;
				ENABLE_TESTABILITY = YES;
				GCC_C_LANGUAGE_STANDARD = gnu99;
				GCC_DYNAMIC_NO_PIC = NO;
				GCC_NO_COMMON_BLOCKS = YES;
				GCC_OPTIMIZATION_LEVEL = 0;
				GCC_PREPROCESSOR_DEFINITIONS = (
					"DEBUG=1",
					"$(inherited)",
				);
				GCC_WARN_64_TO_32_BIT_CONVERSION = YES;
				GCC_WARN_ABOUT_RETURN_TYPE = YES_ERROR;
				GCC_WARN_UNDECLARED_SELECTOR = YES;
				GCC_WARN_UNINITIALIZED_AUTOS = YES_AGGRESSIVE;
				GCC_WARN_UNUSED_FUNCTION = YES;
				GCC_WARN_UNUSED_VARIABLE = YES;
				IPHONEOS_DEPLOYMENT_TARGET = 9.0;
				MTL_ENABLE_DEBUG_INFO = YES;
				ONLY_ACTIVE_ARCH = YES;
				SDKROOT = iphoneos;
			};
			name = Debug;
		};
		3886C0A91BD748830014E661 /* Release */ = {
			isa = XCBuildConfiguration;
			buildSettings = {
				ALWAYS_SEARCH_USER_PATHS = NO;
				CLANG_CXX_LANGUAGE_STANDARD = "gnu++0x";
				CLANG_CXX_LIBRARY = "libc++";
				CLANG_ENABLE_MODULES = YES;
				CLANG_ENABLE_OBJC_ARC = YES;
				CLANG_WARN_BOOL_CONVERSION = YES;
				CLANG_WARN_CONSTANT_CONVERSION = YES;
				CLANG_WARN_DIRECT_OBJC_ISA_USAGE = YES_ERROR;
				CLANG_WARN_EMPTY_BODY = YES;
				CLANG_WARN_ENUM_CONVERSION = YES;
				CLANG_WARN_INT_CONVERSION = YES;
				CLANG_WARN_OBJC_ROOT_CLASS = YES_ERROR;
				CLANG_WARN_UNREACHABLE_CODE = YES;
				CLANG_WARN__DUPLICATE_METHOD_MATCH = YES;
				"CODE_SIGN_IDENTITY[sdk=iphoneos*]" = "iPhone Developer";
				COPY_PHASE_STRIP = NO;
				DEBUG_INFORMATION_FORMAT = "dwarf-with-dsym";
				ENABLE_NS_ASSERTIONS = NO;
				ENABLE_STRICT_OBJC_MSGSEND = YES;
				GCC_C_LANGUAGE_STANDARD = gnu99;
				GCC_NO_COMMON_BLOCKS = YES;
				GCC_WARN_64_TO_32_BIT_CONVERSION = YES;
				GCC_WARN_ABOUT_RETURN_TYPE = YES_ERROR;
				GCC_WARN_UNDECLARED_SELECTOR = YES;
				GCC_WARN_UNINITIALIZED_AUTOS = YES_AGGRESSIVE;
				GCC_WARN_UNUSED_FUNCTION = YES;
				GCC_WARN_UNUSED_VARIABLE = YES;
				IPHONEOS_DEPLOYMENT_TARGET = 9.0;
				MTL_ENABLE_DEBUG_INFO = NO;
				SDKROOT = iphoneos;
				VALIDATE_PRODUCT = YES;
			};
			name = Release;
		};
		3886C0AB1BD748830014E661 /* Debug */ = {
			isa = XCBuildConfiguration;
			baseConfigurationReference = 4329DABFE5AD654FE71597C9 /* Pods-BaseProject.debug.xcconfig */;
			buildSettings = {
				ASSETCATALOG_COMPILER_APPICON_NAME = AppIcon;
				CODE_SIGN_IDENTITY = "iPhone Developer";
				GCC_PREFIX_HEADER = BaseProject/Resource/PrefixHeader.pch;
				INFOPLIST_FILE = BaseProject/Info.plist;
				IPHONEOS_DEPLOYMENT_TARGET = 7.1;
				LD_RUNPATH_SEARCH_PATHS = "$(inherited) @executable_path/Frameworks";
				PRODUCT_BUNDLE_IDENTIFIER = com.jake.BaseProject;
				PRODUCT_NAME = "$(TARGET_NAME)";
			};
			name = Debug;
		};
		3886C0AC1BD748830014E661 /* Release */ = {
			isa = XCBuildConfiguration;
			baseConfigurationReference = DD4F0750B5DAAA87BA236B31 /* Pods-BaseProject.release.xcconfig */;
			buildSettings = {
				ASSETCATALOG_COMPILER_APPICON_NAME = AppIcon;
				CODE_SIGN_IDENTITY = "iPhone Developer";
				GCC_PREFIX_HEADER = BaseProject/Resource/PrefixHeader.pch;
				INFOPLIST_FILE = BaseProject/Info.plist;
				IPHONEOS_DEPLOYMENT_TARGET = 7.1;
				LD_RUNPATH_SEARCH_PATHS = "$(inherited) @executable_path/Frameworks";
				PRODUCT_BUNDLE_IDENTIFIER = com.jake.BaseProject;
				PRODUCT_NAME = "$(TARGET_NAME)";
			};
			name = Release;
		};
/* End XCBuildConfiguration section */

/* Begin XCConfigurationList section */
		3886C08E1BD748830014E661 /* Build configuration list for PBXProject "BaseProject" */ = {
			isa = XCConfigurationList;
			buildConfigurations = (
				3886C0A81BD748830014E661 /* Debug */,
				3886C0A91BD748830014E661 /* Release */,
			);
			defaultConfigurationIsVisible = 0;
			defaultConfigurationName = Release;
		};
		3886C0AA1BD748830014E661 /* Build configuration list for PBXNativeTarget "BaseProject" */ = {
			isa = XCConfigurationList;
			buildConfigurations = (
				3886C0AB1BD748830014E661 /* Debug */,
				3886C0AC1BD748830014E661 /* Release */,
			);
			defaultConfigurationIsVisible = 0;
			defaultConfigurationName = Release;
		};
/* End XCConfigurationList section */
	};
	rootObject = 3886C08B1BD748830014E661 /* Project object */;
}
